
Microsoft Visual Studio Solution File, Format Version 12.00
# Visual Studio Version 16
VisualStudioVersion = 16.0.30011.22
MinimumVisualStudioVersion = 10.0.40219.1
Project("{E24C65DC-7377-472B-9ABA-BC803B73C61A}") = "ruby", "ruby\", "{13B282E8-1FD9-4F0E-9BE5-A0B384D5FC78}"
	ProjectSection(WebsiteProperties) = preProject
		TargetFrameworkMoniker = ".NETFramework,Version%3Dv4.7.2"
		Debug.AspNetCompiler.VirtualPath = "/localhost_54703"
		Debug.AspNetCompiler.PhysicalPath = "ruby\"
		Debug.AspNetCompiler.TargetPath = "PrecompiledWeb\localhost_54703\"
		Debug.AspNetCompiler.Updateable = "true"
		Debug.AspNetCompiler.ForceOverwrite = "true"
		Debug.AspNetCompiler.FixedNames = "false"
		Debug.AspNetCompiler.Debug = "True"
		Release.AspNetCompiler.VirtualPath = "/localhost_54703"
		Release.AspNetCompiler.PhysicalPath = "ruby\"
		Release.AspNetCompiler.TargetPath = "PrecompiledWeb\localhost_54703\"
		Release.AspNetCompiler.Updateable = "true"
		Release.AspNetCompiler.ForceOverwrite = "true"
		Release.AspNetCompiler.FixedNames = "false"
		Release.AspNetCompiler.Debug = "False"
		VWDPort = "54703"
		SlnRelativePath = "ruby\"
		DefaultWebSiteLanguage = "Visual C#"
	EndProjectSection
EndProject
Global
	GlobalSection(SolutionConfigurationPlatforms) = preSolution
		Debug|Any CPU = Debug|Any CPU
	EndGlobalSection
	GlobalSection(ProjectConfigurationPlatforms) = postSolution
		{13B282E8-1FD9-4F0E-9BE5-A0B384D5FC78}.Debug|Any CPU.ActiveCfg = Debug|Any CPU
		{13B282E8-1FD9-4F0E-9BE5-A0B384D5FC78}.Debug|Any CPU.Build.0 = Debug|Any CPU
	EndGlobalSection
	GlobalSection(SolutionProperties) = preSolution
		HideSolutionNode = FALSE
	EndGlobalSection
	GlobalSection(ExtensibilityGlobals) = postSolution
		SolutionGuid = {0624BFEA-F4C0-4187-806D-F73902F9E81E}
	EndGlobalSection
EndGlobal
